
Microsoft Visual Studio Solution File, Format Version 12.00
# Visual Studio Version 17
Project("{8BC9CEB8-8B4A-11D0-8D11-00A0C91BC942}") = "ALL_BUILD", "ALL_BUILD.vcxproj", "{14F27C87-18BE-3AF5-9C13-D1F850F05234}"
	ProjectSection(ProjectDependencies) = postProject
		{E4F5E33D-EC95-3E10-B983-C59AE2949240} = {E4F5E33D-EC95-3E10-B983-C59AE2949240}
		{1091A911-C68B-3CB0-BDCC-41B31E4C5502} = {1091A911-C68B-3CB0-BDCC-41B31E4C5502}
		{2A799EF1-9DF4-3195-848B-DD4BBB6D3139} = {2A799EF1-9DF4-3195-848B-DD4BBB6D3139}
	EndProjectSection
EndProject
Project("{8BC9CEB8-8B4A-11D0-8D11-00A0C91BC942}") = "INSTALL", "INSTALL.vcxproj", "{1E9C9E69-25B8-3C17-86F7-1A2AED6B059B}"
	ProjectSection(ProjectDependencies) = postProject
		{14F27C87-18BE-3AF5-9C13-D1F850F05234} = {14F27C87-18BE-3AF5-9C13-D1F850F05234}
		{E4F5E33D-EC95-3E10-B983-C59AE2949240} = {E4F5E33D-EC95-3E10-B983-C59AE2949240}
	EndProjectSection
EndProject
Project("{8BC9CEB8-8B4A-11D0-8D11-00A0C91BC942}") = "RUN_TESTS", "RUN_TESTS.vcxproj", "{AB084CC3-0E46-3D20-909F-65AF3764C500}"
	ProjectSection(ProjectDependencies) = postProject
		{E4F5E33D-EC95-3E10-B983-C59AE2949240} = {E4F5E33D-EC95-3E10-B983-C59AE2949240}
	EndProjectSection
EndProject
Project("{8BC9CEB8-8B4A-11D0-8D11-00A0C91BC942}") = "ZERO_CHECK", "..\\ZERO_CHECK.vcxproj", "{E4F5E33D-EC95-3E10-B983-C59AE2949240}"
	ProjectSection(ProjectDependencies) = postProject
	EndProjectSection
EndProject
Project("{8BC9CEB8-8B4A-11D0-8D11-00A0C91BC942}") = "gtest", "gtest.vcxproj", "{1091A911-C68B-3CB0-BDCC-41B31E4C5502}"
	ProjectSection(ProjectDependencies) = postProject
		{E4F5E33D-EC95-3E10-B983-C59AE2949240} = {E4F5E33D-EC95-3E10-B983-C59AE2949240}
	EndProjectSection
EndProject
Project("{8BC9CEB8-8B4A-11D0-8D11-00A0C91BC942}") = "gtest_main", "gtest_main.vcxproj", "{2A799EF1-9DF4-3195-848B-DD4BBB6D3139}"
	ProjectSection(ProjectDependencies) = postProject
		{E4F5E33D-EC95-3E10-B983-C59AE2949240} = {E4F5E33D-EC95-3E10-B983-C59AE2949240}
		{1091A911-C68B-3CB0-BDCC-41B31E4C5502} = {1091A911-C68B-3CB0-BDCC-41B31E4C5502}
	EndProjectSection
EndProject
Global
	GlobalSection(SolutionConfigurationPlatforms) = preSolution
		Debug|x64 = Debug|x64
		Release|x64 = Release|x64
		MinSizeRel|x64 = MinSizeRel|x64
		RelWithDebInfo|x64 = RelWithDebInfo|x64
	EndGlobalSection
	GlobalSection(ProjectConfigurationPlatforms) = postSolution
		{14F27C87-18BE-3AF5-9C13-D1F850F05234}.Debug|x64.ActiveCfg = Debug|x64
		{14F27C87-18BE-3AF5-9C13-D1F850F05234}.Debug|x64.Build.0 = Debug|x64
		{14F27C87-18BE-3AF5-9C13-D1F850F05234}.Release|x64.ActiveCfg = Release|x64
		{14F27C87-18BE-3AF5-9C13-D1F850F05234}.Release|x64.Build.0 = Release|x64
		{14F27C87-18BE-3AF5-9C13-D1F850F05234}.MinSizeRel|x64.ActiveCfg = MinSizeRel|x64
		{14F27C87-18BE-3AF5-9C13-D1F850F05234}.MinSizeRel|x64.Build.0 = MinSizeRel|x64
		{14F27C87-18BE-3AF5-9C13-D1F850F05234}.RelWithDebInfo|x64.ActiveCfg = RelWithDebInfo|x64
		{14F27C87-18BE-3AF5-9C13-D1F850F05234}.RelWithDebInfo|x64.Build.0 = RelWithDebInfo|x64
		{1E9C9E69-25B8-3C17-86F7-1A2AED6B059B}.Debug|x64.ActiveCfg = Debug|x64
		{1E9C9E69-25B8-3C17-86F7-1A2AED6B059B}.Release|x64.ActiveCfg = Release|x64
		{1E9C9E69-25B8-3C17-86F7-1A2AED6B059B}.MinSizeRel|x64.ActiveCfg = MinSizeRel|x64
		{1E9C9E69-25B8-3C17-86F7-1A2AED6B059B}.RelWithDebInfo|x64.ActiveCfg = RelWithDebInfo|x64
		{AB084CC3-0E46-3D20-909F-65AF3764C500}.Debug|x64.ActiveCfg = Debug|x64
		{AB084CC3-0E46-3D20-909F-65AF3764C500}.Release|x64.ActiveCfg = Release|x64
		{AB084CC3-0E46-3D20-909F-65AF3764C500}.MinSizeRel|x64.ActiveCfg = MinSizeRel|x64
		{AB084CC3-0E46-3D20-909F-65AF3764C500}.RelWithDebInfo|x64.ActiveCfg = RelWithDebInfo|x64
		{E4F5E33D-EC95-3E10-B983-C59AE2949240}.Debug|x64.ActiveCfg = Debug|x64
		{E4F5E33D-EC95-3E10-B983-C59AE2949240}.Debug|x64.Build.0 = Debug|x64
		{E4F5E33D-EC95-3E10-B983-C59AE2949240}.Release|x64.ActiveCfg = Release|x64
		{E4F5E33D-EC95-3E10-B983-C59AE2949240}.Release|x64.Build.0 = Release|x64
		{E4F5E33D-EC95-3E10-B983-C59AE2949240}.MinSizeRel|x64.ActiveCfg = MinSizeRel|x64
		{E4F5E33D-EC95-3E10-B983-C59AE2949240}.MinSizeRel|x64.Build.0 = MinSizeRel|x64
		{E4F5E33D-EC95-3E10-B983-C59AE2949240}.RelWithDebInfo|x64.ActiveCfg = RelWithDebInfo|x64
		{E4F5E33D-EC95-3E10-B983-C59AE2949240}.RelWithDebInfo|x64.Build.0 = RelWithDebInfo|x64
		{1091A911-C68B-3CB0-BDCC-41B31E4C5502}.Debug|x64.ActiveCfg = Debug|x64
		{1091A911-C68B-3CB0-BDCC-41B31E4C5502}.Debug|x64.Build.0 = Debug|x64
		{1091A911-C68B-3CB0-BDCC-41B31E4C5502}.Release|x64.ActiveCfg = Release|x64
		{1091A911-C68B-3CB0-BDCC-41B31E4C5502}.Release|x64.Build.0 = Release|x64
		{1091A911-C68B-3CB0-BDCC-41B31E4C5502}.MinSizeRel|x64.ActiveCfg = MinSizeRel|x64
		{1091A911-C68B-3CB0-BDCC-41B31E4C5502}.MinSizeRel|x64.Build.0 = MinSizeRel|x64
		{1091A911-C68B-3CB0-BDCC-41B31E4C5502}.RelWithDebInfo|x64.ActiveCfg = RelWithDebInfo|x64
		{1091A911-C68B-3CB0-BDCC-41B31E4C5502}.RelWithDebInfo|x64.Build.0 = RelWithDebInfo|x64
		{2A799EF1-9DF4-3195-848B-DD4BBB6D3139}.Debug|x64.ActiveCfg = Debug|x64
		{2A799EF1-9DF4-3195-848B-DD4BBB6D3139}.Debug|x64.Build.0 = Debug|x64
		{2A799EF1-9DF4-3195-848B-DD4BBB6D3139}.Release|x64.ActiveCfg = Release|x64
		{2A799EF1-9DF4-3195-848B-DD4BBB6D3139}.Release|x64.Build.0 = Release|x64
		{2A799EF1-9DF4-3195-848B-DD4BBB6D3139}.MinSizeRel|x64.ActiveCfg = MinSizeRel|x64
		{2A799EF1-9DF4-3195-848B-DD4BBB6D3139}.MinSizeRel|x64.Build.0 = MinSizeRel|x64
		{2A799EF1-9DF4-3195-848B-DD4BBB6D3139}.RelWithDebInfo|x64.ActiveCfg = RelWithDebInfo|x64
		{2A799EF1-9DF4-3195-848B-DD4BBB6D3139}.RelWithDebInfo|x64.Build.0 = RelWithDebInfo|x64
	EndGlobalSection
	GlobalSection(ExtensibilityGlobals) = postSolution
		SolutionGuid = {734394A5-B55D-3C2A-985F-FA00BAD21951}
	EndGlobalSection
	GlobalSection(ExtensibilityAddIns) = postSolution
	EndGlobalSection
EndGlobal
